// !$*UTF8*$!
{
	archiveVersion = 1;
	classes = {
	};
	objectVersion = 56;
	objects = {

/* Begin PBXBuildFile section */
		1C9E35C829CCC18B00B37EC3 /* coredataSetUpApp.swift in Sources */ = {isa = PBXBuildFile; fileRef = 1C9E35C729CCC18B00B37EC3 /* coredataSetUpApp.swift */; };
		1C9E35CA29CCC18B00B37EC3 /* ContentView.swift in Sources */ = {isa = PBXBuildFile; fileRef = 1C9E35C929CCC18B00B37EC3 /* ContentView.swift */; };
		1C9E35CC29CCC18C00B37EC3 /* Assets.xcassets in Resources */ = {isa = PBXBuildFile; fileRef = 1C9E35CB29CCC18C00B37EC3 /* Assets.xcassets */; };
		1C9E35CF29CCC18C00B37EC3 /* Preview Assets.xcassets in Resources */ = {isa = PBXBuildFile; fileRef = 1C9E35CE29CCC18C00B37EC3 /* Preview Assets.xcassets */; };
		1C9E35F129CCC42F00B37EC3 /* coredataModel.xcdatamodeld in Sources */ = {isa = PBXBuildFile; fileRef = 1C9E35EF29CCC42F00B37EC3 /* coredataModel.xcdatamodeld */; };
		1C9E35F629CCC50E00B37EC3 /* coredataManager.swift in Sources */ = {isa = PBXBuildFile; fileRef = 1C9E35F529CCC50E00B37EC3 /* coredataManager.swift */; };
/* End PBXBuildFile section */

/* Begin PBXFileReference section */
		1C9E35C429CCC18B00B37EC3 /* coredataSetUp.app */ = {isa = PBXFileReference; explicitFileType = wrapper.application; includeInIndex = 0; path = coredataSetUp.app; sourceTree = BUILT_PRODUCTS_DIR; };
		1C9E35C729CCC18B00B37EC3 /* coredataSetUpApp.swift */ = {isa = PBXFileReference; lastKnownFileType = sourcecode.swift; path = coredataSetUpApp.swift; sourceTree = "<group>"; };
		1C9E35C929CCC18B00B37EC3 /* ContentView.swift */ = {isa = PBXFileReference; lastKnownFileType = sourcecode.swift; path = ContentView.swift; sourceTree = "<group>"; };
		1C9E35CB29CCC18C00B37EC3 /* Assets.xcassets */ = {isa = PBXFileReference; lastKnownFileType = folder.assetcatalog; path = Assets.xcassets; sourceTree = "<group>"; };
		1C9E35CE29CCC18C00B37EC3 /* Preview Assets.xcassets */ = {isa = PBXFileReference; lastKnownFileType = folder.assetcatalog; path = "Preview Assets.xcassets"; sourceTree = "<group>"; };
		1C9E35F029CCC42F00B37EC3 /* coredataModel.xcdatamodel */ = {isa = PBXFileReference; lastKnownFileType = wrapper.xcdatamodel; path = coredataModel.xcdatamodel; sourceTree = "<group>"; };
		1C9E35F529CCC50E00B37EC3 /* coredataManager.swift */ = {isa = PBXFileReference; lastKnownFileType = sourcecode.swift; path = coredataManager.swift; sourceTree = "<group>"; };
		1C9E35F729CCC70D00B37EC3 /* Info.plist */ = {isa = PBXFileReference; lastKnownFileType = text.plist; path = Info.plist; sourceTree = "<group>"; };
/* End PBXFileReference section */

/* Begin PBXFrameworksBuildPhase section */
		1C9E35C129CCC18B00B37EC3 /* Frameworks */ = {
			isa = PBXFrameworksBuildPhase;
			buildActionMask = 2147483647;
			files = (
			);
			runOnlyForDeploymentPostprocessing = 0;
		};
/* End PBXFrameworksBuildPhase section */

/* Begin PBXGroup section */
		1C9E35BB29CCC18B00B37EC3 = {
			isa = PBXGroup;
			children = (
				1C9E35C629CCC18B00B37EC3 /* coredataSetUp */,
				1C9E35C529CCC18B00B37EC3 /* Products */,
			);
			sourceTree = "<group>";
		};
		1C9E35C529CCC18B00B37EC3 /* Products */ = {
			isa = PBXGroup;
			children = (
				1C9E35C429CCC18B00B37EC3 /* coredataSetUp.app */,
			);
			name = Products;
			sourceTree = "<group>";
		};
		1C9E35C629CCC18B00B37EC3 /* coredataSetUp */ = {
			isa = PBXGroup;
			children = (
				1C9E35F729CCC70D00B37EC3 /* Info.plist */,
				1C9E35F229CCC49E00B37EC3 /*  Coredata */,
				1C9E35C729CCC18B00B37EC3 /* coredataSetUpApp.swift */,
				1C9E35C929CCC18B00B37EC3 /* ContentView.swift */,
				1C9E35CB29CCC18C00B37EC3 /* Assets.xcassets */,
				1C9E35CD29CCC18C00B37EC3 /* Preview Content */,
				1C9E35EF29CCC42F00B37EC3 /* coredataModel.xcdatamodeld */,
			);
			path = coredataSetUp;
			sourceTree = "<group>";
		};
		1C9E35CD29CCC18C00B37EC3 /* Preview Content */ = {
			isa = PBXGroup;
			children = (
				1C9E35CE29CCC18C00B37EC3 /* Preview Assets.xcassets */,
			);
			path = "Preview Content";
			sourceTree = "<group>";
		};
		1C9E35F229CCC49E00B37EC3 /*  Coredata */ = {
			isa = PBXGroup;
			children = (
				1C9E35F529CCC50E00B37EC3 /* coredataManager.swift */,
			);
			path = " Coredata";
			sourceTree = "<group>";
		};
/* End PBXGroup section */

/* Begin PBXNativeTarget section */
		1C9E35C329CCC18B00B37EC3 /* coredataSetUp */ = {
			isa = PBXNativeTarget;
			buildConfigurationList = 1C9E35D229CCC18C00B37EC3 /* Build configuration list for PBXNativeTarget "coredataSetUp" */;
			buildPhases = (
				1C9E35C029CCC18B00B37EC3 /* Sources */,
				1C9E35C129CCC18B00B37EC3 /* Frameworks */,
				1C9E35C229CCC18B00B37EC3 /* Resources */,
			);
			buildRules = (
			);
			dependencies = (
			);
			name = coredataSetUp;
			productName = coredataSetUp;
			productReference = 1C9E35C429CCC18B00B37EC3 /* coredataSetUp.app */;
			productType = "com.apple.product-type.application";
		};
/* End PBXNativeTarget section */

/* Begin PBXProject section */
		1C9E35BC29CCC18B00B37EC3 /* Project object */ = {
			isa = PBXProject;
			attributes = {
				BuildIndependentTargetsInParallel = 1;
				LastSwiftUpdateCheck = 1420;
				LastUpgradeCheck = 1420;
				TargetAttributes = {
					1C9E35C329CCC18B00B37EC3 = {
						CreatedOnToolsVersion = 14.2;
					};
				};
			};
			buildConfigurationList = 1C9E35BF29CCC18B00B37EC3 /* Build configuration list for PBXProject "coredataSetUp" */;
			compatibilityVersion = "Xcode 14.0";
			developmentRegion = en;
			hasScannedForEncodings = 0;
			knownRegions = (
				en,
				Base,
			);
			mainGroup = 1C9E35BB29CCC18B00B37EC3;
			productRefGroup = 1C9E35C529CCC18B00B37EC3 /* Products */;
			projectDirPath = "";
			projectRoot = "";
			targets = (
				1C9E35C329CCC18B00B37EC3 /* coredataSetUp */,
			);
		};
/* End PBXProject section */

/* Begin PBXResourcesBuildPhase section */
		1C9E35C229CCC18B00B37EC3 /* Resources */ = {
			isa = PBXResourcesBuildPhase;
			buildActionMask = 2147483647;
			files = (
				1C9E35CF29CCC18C00B37EC3 /* Preview Assets.xcassets in Resources */,
				1C9E35CC29CCC18C00B37EC3 /* Assets.xcassets in Resources */,
			);
			runOnlyForDeploymentPostprocessing = 0;
		};
/* End PBXResourcesBuildPhase section */

/* Begin PBXSourcesBuildPhase section */
		1C9E35C029CCC18B00B37EC3 /* Sources */ = {
			isa = PBXSourcesBuildPhase;
			buildActionMask = 2147483647;
			files = (
				1C9E35CA29CCC18B00B37EC3 /* ContentView.swift in Sources */,
				1C9E35F129CCC42F00B37EC3 /* coredataModel.xcdatamodeld in Sources */,
				1C9E35F629CCC50E00B37EC3 /* coredataManager.swift in Sources */,
				1C9E35C829CCC18B00B37EC3 /* coredataSetUpApp.swift in Sources */,
			);
			runOnlyForDeploymentPostprocessing = 0;
		};
/* End PBXSourcesBuildPhase section */

/* Begin XCBuildConfiguration section */
		1C9E35D029CCC18C00B37EC3 /* Debug */ = {
			isa = XCBuildConfiguration;
			buildSettings = {
				ALWAYS_SEARCH_USER_PATHS = NO;
				CLANG_ANALYZER_NONNULL = YES;
				CLANG_ANALYZER_NUMBER_OBJECT_CONVERSION = YES_AGGRESSIVE;
				CLANG_CXX_LANGUAGE_STANDARD = "gnu++20";
				CLANG_ENABLE_MODULES = YES;
				CLANG_ENABLE_OBJC_ARC = YES;
				CLANG_ENABLE_OBJC_WEAK = YES;
				CLANG_WARN_BLOCK_CAPTURE_AUTORELEASING = YES;
				CLANG_WARN_BOOL_CONVERSION = YES;
				CLANG_WARN_COMMA = YES;
				CLANG_WARN_CONSTANT_CONVERSION = YES;
				CLANG_WARN_DEPRECATED_OBJC_IMPLEMENTATIONS = YES;
				CLANG_WARN_DIRECT_OBJC_ISA_USAGE = YES_ERROR;
				CLANG_WARN_DOCUMENTATION_COMMENTS = YES;
				CLANG_WARN_EMPTY_BODY = YES;
				CLANG_WARN_ENUM_CONVERSION = YES;
				CLANG_WARN_INFINITE_RECURSION = YES;
				CLANG_WARN_INT_CONVERSION = YES;
				CLANG_WARN_NON_LITERAL_NULL_CONVERSION = YES;
				CLANG_WARN_OBJC_IMPLICIT_RETAIN_SELF = YES;
				CLANG_WARN_OBJC_LITERAL_CONVERSION = YES;
				CLANG_WARN_OBJC_ROOT_CLASS = YES_ERROR;
				CLANG_WARN_QUOTED_INCLUDE_IN_FRAMEWORK_HEADER = YES;
				CLANG_WARN_RANGE_LOOP_ANALYSIS = YES;
				CLANG_WARN_STRICT_PROTOTYPES = YES;
				CLANG_WARN_SUSPICIOUS_MOVE = YES;
				CLANG_WARN_UNGUARDED_AVAILABILITY = YES_AGGRESSIVE;
				CLANG_WARN_UNREACHABLE_CODE = YES;
				CLANG_WARN__DUPLICATE_METHOD_MATCH = YES;
				COPY_PHASE_STRIP = NO;
				DEBUG_INFORMATION_FORMAT = dwarf;
				ENABLE_STRICT_OBJC_MSGSEND = YES;
				ENABLE_TESTABILITY = YES;
				GCC_C_LANGUAGE_STANDARD = gnu11;
				GCC_DYNAMIC_NO_PIC = NO;
				GCC_NO_COMMON_BLOCKS = YES;
				GCC_OPTIMIZATION_LEVEL = 0;
				GCC_PREPROCESSOR_DEFINITIONS = (
					"DEBUG=1",
					"$(inherited)",
				);
				GCC_WARN_64_TO_32_BIT_CONVERSION = YES;
				GCC_WARN_ABOUT_RETURN_TYPE = YES_ERROR;
				GCC_WARN_UNDECLARED_SELECTOR = YES;
				GCC_WARN_UNINITIALIZED_AUTOS = YES_AGGRESSIVE;
				GCC_WARN_UNUSED_FUNCTION = YES;
				GCC_WARN_UNUSED_VARIABLE = YES;
				IPHONEOS_DEPLOYMENT_TARGET = 16.2;
				MTL_ENABLE_DEBUG_INFO = INCLUDE_SOURCE;
				MTL_FAST_MATH = YES;
				ONLY_ACTIVE_ARCH = YES;
				SDKROOT = iphoneos;
				SWIFT_ACTIVE_COMPILATION_CONDITIONS = DEBUG;
				SWIFT_OPTIMIZATION_LEVEL = "-Onone";
			};
			name = Debug;
		};
		1C9E35D129CCC18C00B37EC3 /* Release */ = {
			isa = XCBuildConfiguration;
			buildSettings = {
				ALWAYS_SEARCH_USER_PATHS = NO;
				CLANG_ANALYZER_NONNULL = YES;
				CLANG_ANALYZER_NUMBER_OBJECT_CONVERSION = YES_AGGRESSIVE;
				CLANG_CXX_LANGUAGE_STANDARD = "gnu++20";
				CLANG_ENABLE_MODULES = YES;
				CLANG_ENABLE_OBJC_ARC = YES;
				CLANG_ENABLE_OBJC_WEAK = YES;
				CLANG_WARN_BLOCK_CAPTURE_AUTORELEASING = YES;
				CLANG_WARN_BOOL_CONVERSION = YES;
				CLANG_WARN_COMMA = YES;
				CLANG_WARN_CONSTANT_CONVERSION = YES;
				CLANG_WARN_DEPRECATED_OBJC_IMPLEMENTATIONS = YES;
				CLANG_WARN_DIRECT_OBJC_ISA_USAGE = YES_ERROR;
				CLANG_WARN_DOCUMENTATION_COMMENTS = YES;
				CLANG_WARN_EMPTY_BODY = YES;
				CLANG_WARN_ENUM_CONVERSION = YES;
				CLANG_WARN_INFINITE_RECURSION = YES;
				CLANG_WARN_INT_CONVERSION = YES;
				CLANG_WARN_NON_LITERAL_NULL_CONVERSION = YES;
				CLANG_WARN_OBJC_IMPLICIT_RETAIN_SELF = YES;
				CLANG_WARN_OBJC_LITERAL_CONVERSION = YES;
				CLANG_WARN_OBJC_ROOT_CLASS = YES_ERROR;
				CLANG_WARN_QUOTED_INCLUDE_IN_FRAMEWORK_HEADER = YES;
				CLANG_WARN_RANGE_LOOP_ANALYSIS = YES;
				CLANG_WARN_STRICT_PROTOTYPES = YES;
				CLANG_WARN_SUSPICIOUS_MOVE = YES;
				CLANG_WARN_UNGUARDED_AVAILABILITY = YES_AGGRESSIVE;
				CLANG_WARN_UNREACHABLE_CODE = YES;
				CLANG_WARN__DUPLICATE_METHOD_MATCH = YES;
				COPY_PHASE_STRIP = NO;
				DEBUG_INFORMATION_FORMAT = "dwarf-with-dsym";
				ENABLE_NS_ASSERTIONS = NO;
				ENABLE_STRICT_OBJC_MSGSEND = YES;
				GCC_C_LANGUAGE_STANDARD = gnu11;
				GCC_NO_COMMON_BLOCKS = YES;
				GCC_WARN_64_TO_32_BIT_CONVERSION = YES;
				GCC_WARN_ABOUT_RETURN_TYPE = YES_ERROR;
				GCC_WARN_UNDECLARED_SELECTOR = YES;
				GCC_WARN_UNINITIALIZED_AUTOS = YES_AGGRESSIVE;
				GCC_WARN_UNUSED_FUNCTION = YES;
				GCC_WARN_UNUSED_VARIABLE = YES;
				IPHONEOS_DEPLOYMENT_TARGET = 16.2;
				MTL_ENABLE_DEBUG_INFO = NO;
				MTL_FAST_MATH = YES;
				SDKROOT = iphoneos;
				SWIFT_COMPILATION_MODE = wholemodule;
				SWIFT_OPTIMIZATION_LEVEL = "-O";
				VALIDATE_PRODUCT = YES;
			};
			name = Release;
		};
		1C9E35D329CCC18C00B37EC3 /* Debug */ = {
			isa = XCBuildConfiguration;
			buildSettings = {
				ASSETCATALOG_COMPILER_APPICON_NAME = AppIcon;
				ASSETCATALOG_COMPILER_GLOBAL_ACCENT_COLOR_NAME = AccentColor;
				CODE_SIGN_STYLE = Automatic;
				CURRENT_PROJECT_VERSION = 1;
				DEVELOPMENT_ASSET_PATHS = "\"coredataSetUp/Preview Content\"";
				DEVELOPMENT_TEAM = V376G67MAP;
				ENABLE_PREVIEWS = YES;
				GENERATE_INFOPLIST_FILE = YES;
				INFOPLIST_FILE = coredataSetUp/Info.plist;
				INFOPLIST_KEY_UIApplicationSupportsIndirectInputEvents = YES;
				INFOPLIST_KEY_UILaunchScreen_Generation = YES;
				INFOPLIST_KEY_UISupportedInterfaceOrientations_iPad = "UIInterfaceOrientationPortrait UIInterfaceOrientationPortraitUpsideDown UIInterfaceOrientationLandscapeLeft UIInterfaceOrientationLandscapeRight";
				INFOPLIST_KEY_UISupportedInterfaceOrientations_iPhone = "UIInterfaceOrientationPortrait UIInterfaceOrientationLandscapeLeft UIInterfaceOrientationLandscapeRight";
				LD_RUNPATH_SEARCH_PATHS = (
					"$(inherited)",
					"@executable_path/Frameworks",
				);
				MARKETING_VERSION = 1.0;
				PRODUCT_BUNDLE_IDENTIFIER = dipdutt.coredataSetUp;
				PRODUCT_NAME = "$(TARGET_NAME)";
				SWIFT_EMIT_LOC_STRINGS = YES;
				SWIFT_VERSION = 5.0;
				TARGETED_DEVICE_FAMILY = "1,2";
			};
			name = Debug;
		};
		1C9E35D429CCC18C00B37EC3 /* Release */ = {
			isa = XCBuildConfiguration;
			buildSettings = {
				ASSETCATALOG_COMPILER_APPICON_NAME = AppIcon;
				ASSETCATALOG_COMPILER_GLOBAL_ACCENT_COLOR_NAME = AccentColor;
				CODE_SIGN_STYLE = Automatic;
				CURRENT_PROJECT_VERSION = 1;
				DEVELOPMENT_ASSET_PATHS = "\"coredataSetUp/Preview Content\"";
				DEVELOPMENT_TEAM = V376G67MAP;
				ENABLE_PREVIEWS = YES;
				GENERATE_INFOPLIST_FILE = YES;
				INFOPLIST_FILE = coredataSetUp/Info.plist;
				INFOPLIST_KEY_UIApplicationSupportsIndirectInputEvents = YES;
				INFOPLIST_KEY_UILaunchScreen_Generation = YES;
				INFOPLIST_KEY_UISupportedInterfaceOrientations_iPad = "UIInterfaceOrientationPortrait UIInterfaceOrientationPortraitUpsideDown UIInterfaceOrientationLandscapeLeft UIInterfaceOrientationLandscapeRight";
				INFOPLIST_KEY_UISupportedInterfaceOrientations_iPhone = "UIInterfaceOrientationPortrait UIInterfaceOrientationLandscapeLeft UIInterfaceOrientationLandscapeRight";
				LD_RUNPATH_SEARCH_PATHS = (
					"$(inherited)",
					"@executable_path/Frameworks",
				);
				MARKETING_VERSION = 1.0;
				PRODUCT_BUNDLE_IDENTIFIER = dipdutt.coredataSetUp;
				PRODUCT_NAME = "$(TARGET_NAME)";
				SWIFT_EMIT_LOC_STRINGS = YES;
				SWIFT_VERSION = 5.0;
				TARGETED_DEVICE_FAMILY = "1,2";
			};
			name = Release;
		};
/* End XCBuildConfiguration section */

/* Begin XCConfigurationList section */
		1C9E35BF29CCC18B00B37EC3 /* Build configuration list for PBXProject "coredataSetUp" */ = {
			isa = XCConfigurationList;
			buildConfigurations = (
				1C9E35D029CCC18C00B37EC3 /* Debug */,
				1C9E35D129CCC18C00B37EC3 /* Release */,
			);
			defaultConfigurationIsVisible = 0;
			defaultConfigurationName = Release;
		};
		1C9E35D229CCC18C00B37EC3 /* Build configuration list for PBXNativeTarget "coredataSetUp" */ = {
			isa = XCConfigurationList;
			buildConfigurations = (
				1C9E35D329CCC18C00B37EC3 /* Debug */,
				1C9E35D429CCC18C00B37EC3 /* Release */,
			);
			defaultConfigurationIsVisible = 0;
			defaultConfigurationName = Release;
		};
/* End XCConfigurationList section */

/* Begin XCVersionGroup section */
		1C9E35EF29CCC42F00B37EC3 /* coredataModel.xcdatamodeld */ = {
			isa = XCVersionGroup;
			children = (
				1C9E35F029CCC42F00B37EC3 /* coredataModel.xcdatamodel */,
			);
			currentVersion = 1C9E35F029CCC42F00B37EC3 /* coredataModel.xcdatamodel */;
			path = coredataModel.xcdatamodeld;
			sourceTree = "<group>";
			versionGroupType = wrapper.xcdatamodel;
		};
/* End XCVersionGroup section */
	};
	rootObject = 1C9E35BC29CCC18B00B37EC3 /* Project object */;
}
